
Microsoft Visual Studio Solution File, Format Version 12.00
# Visual Studio Version 17
VisualStudioVersion = 17.4.32804.182
MinimumVisualStudioVersion = 10.0.40219.1
Project("{9A19103F-16F7-4668-BE54-9A1E7A4F7556}") = "Api", "api\Api.csproj", "{F10DA26C-D195-41D1-8E1F-9EAEEF495996}"
EndProject
Project("{9A19103F-16F7-4668-BE54-9A1E7A4F7556}") = "Servises", "servises\Servises.csproj", "{D69B4D64-2703-4CA2-845B-EC82267CA7DE}"
EndProject
Project("{9A19103F-16F7-4668-BE54-9A1E7A4F7556}") = "Core", "core\Core.csproj", "{FCF5BCA8-85D6-45C4-9B6A-D238C99B4188}"
EndProject
Project("{FAE04EC0-301F-11D3-BF4B-00C04F79EFBC}") = "Data", "Data\Data.csproj", "{C3003576-6ADA-45B5-B2B2-FF5A048CEA8F}"
EndProject
Project("{FAE04EC0-301F-11D3-BF4B-00C04F79EFBC}") = "UnitTests", "UnitTests\UnitTests.csproj", "{B9097CD2-1B2D-4595-B919-A15BA55A1193}"
EndProject
Global
	GlobalSection(SolutionConfigurationPlatforms) = preSolution
		Debug|Any CPU = Debug|Any CPU
		Release|Any CPU = Release|Any CPU
	EndGlobalSection
	GlobalSection(ProjectConfigurationPlatforms) = postSolution
		{F10DA26C-D195-41D1-8E1F-9EAEEF495996}.Debug|Any CPU.ActiveCfg = Debug|Any CPU
		{F10DA26C-D195-41D1-8E1F-9EAEEF495996}.Debug|Any CPU.Build.0 = Debug|Any CPU
		{F10DA26C-D195-41D1-8E1F-9EAEEF495996}.Release|Any CPU.ActiveCfg = Release|Any CPU
		{F10DA26C-D195-41D1-8E1F-9EAEEF495996}.Release|Any CPU.Build.0 = Release|Any CPU
		{D69B4D64-2703-4CA2-845B-EC82267CA7DE}.Debug|Any CPU.ActiveCfg = Debug|Any CPU
		{D69B4D64-2703-4CA2-845B-EC82267CA7DE}.Debug|Any CPU.Build.0 = Debug|Any CPU
		{D69B4D64-2703-4CA2-845B-EC82267CA7DE}.Release|Any CPU.ActiveCfg = Release|Any CPU
		{D69B4D64-2703-4CA2-845B-EC82267CA7DE}.Release|Any CPU.Build.0 = Release|Any CPU
		{FCF5BCA8-85D6-45C4-9B6A-D238C99B4188}.Debug|Any CPU.ActiveCfg = Debug|Any CPU
		{FCF5BCA8-85D6-45C4-9B6A-D238C99B4188}.Debug|Any CPU.Build.0 = Debug|Any CPU
		{FCF5BCA8-85D6-45C4-9B6A-D238C99B4188}.Release|Any CPU.ActiveCfg = Release|Any CPU
		{FCF5BCA8-85D6-45C4-9B6A-D238C99B4188}.Release|Any CPU.Build.0 = Release|Any CPU
		{C3003576-6ADA-45B5-B2B2-FF5A048CEA8F}.Debug|Any CPU.ActiveCfg = Debug|Any CPU
		{C3003576-6ADA-45B5-B2B2-FF5A048CEA8F}.Debug|Any CPU.Build.0 = Debug|Any CPU
		{C3003576-6ADA-45B5-B2B2-FF5A048CEA8F}.Release|Any CPU.ActiveCfg = Release|Any CPU
		{C3003576-6ADA-45B5-B2B2-FF5A048CEA8F}.Release|Any CPU.Build.0 = Release|Any CPU
		{B9097CD2-1B2D-4595-B919-A15BA55A1193}.Debug|Any CPU.ActiveCfg = Debug|Any CPU
		{B9097CD2-1B2D-4595-B919-A15BA55A1193}.Debug|Any CPU.Build.0 = Debug|Any CPU
		{B9097CD2-1B2D-4595-B919-A15BA55A1193}.Release|Any CPU.ActiveCfg = Release|Any CPU
		{B9097CD2-1B2D-4595-B919-A15BA55A1193}.Release|Any CPU.Build.0 = Release|Any CPU
	EndGlobalSection
	GlobalSection(SolutionProperties) = preSolution
		HideSolutionNode = FALSE
	EndGlobalSection
	GlobalSection(ExtensibilityGlobals) = postSolution
		SolutionGuid = {DEDBE115-8607-4821-9586-5F4CA48E3B08}
	EndGlobalSection
EndGlobal
